{
  "pins" : [
    {
      "identity" : "globaldependencies",
      "kind" : "remoteSourceControl",
      "location" : "https://github.com/Gabardone/GlobalDependencies",
      "state" : {
        "branch" : "MacroSupport",
        "revision" : "59c46b192a3fb46026ae60c777e5eb0dee83dde2"
      }
    }
  ],
  "version" : 2
}
