{
  "pins" : [
    {
      "identity" : "globaldependencies",
      "kind" : "remoteSourceControl",
      "location" : "https://github.com/Gabardone/GlobalDependencies",
      "state" : {
        "branch" : "MacroSupport",
        "revision" : "a18d6e6198fce826e2c0f0ad4998c8f0b07b3945"
      }
    },
    {
      "identity" : "swift-syntax",
      "kind" : "remoteSourceControl",
      "location" : "https://github.com/apple/swift-syntax.git",
      "state" : {
        "revision" : "6ad4ea24b01559dde0773e3d091f1b9e36175036",
        "version" : "509.0.2"
      }
    }
  ],
  "version" : 2
}
